
Microsoft Visual Studio Solution File, Format Version 12.00
# Visual Studio 15
VisualStudioVersion = 15.0.28307.539
MinimumVisualStudioVersion = 10.0.40219.1
Project("{FAE04EC0-301F-11D3-BF4B-00C04F79EFBC}") = "test", "test\test.csproj", "{22622B62-84C5-44E4-B9C4-A9419005018A}"
EndProject
Global
	GlobalSection(SolutionConfigurationPlatforms) = preSolution
		Debug|Any CPU = Debug|Any CPU
		Release|Any CPU = Release|Any CPU
	EndGlobalSection
	GlobalSection(ProjectConfigurationPlatforms) = postSolution
		{22622B62-84C5-44E4-B9C4-A9419005018A}.Debug|Any CPU.ActiveCfg = Debug|Any CPU
		{22622B62-84C5-44E4-B9C4-A9419005018A}.Debug|Any CPU.Build.0 = Debug|Any CPU
		{22622B62-84C5-44E4-B9C4-A9419005018A}.Release|Any CPU.ActiveCfg = Release|Any CPU
		{22622B62-84C5-44E4-B9C4-A9419005018A}.Release|Any CPU.Build.0 = Release|Any CPU
	EndGlobalSection
	GlobalSection(SolutionProperties) = preSolution
		HideSolutionNode = FALSE
	EndGlobalSection
	GlobalSection(ExtensibilityGlobals) = postSolution
		SolutionGuid = {2E9EE292-2F90-451D-AB39-98CA01B3E27A}
	EndGlobalSection
EndGlobal
